
Microsoft Visual Studio Solution File, Format Version 12.00
Project("{FAE04EC0-301F-11D3-BF4B-00C04F79EFBC}") = "HelloCSharp", "HelloCSharp\HelloCSharp.csproj", "{5BF9F0F0-489C-4814-A907-1D32C9122069}"
EndProject
Project("{FAE04EC0-301F-11D3-BF4B-00C04F79EFBC}") = "Lab1_02", "..\Lab1\Lab1_02\Lab1_02.csproj", "{E850B2D4-EDD9-4984-9D18-3B5AA2CAC6F9}"
EndProject
Project("{2150E333-8FDC-42A3-9474-1A3956D46DE8}") = "Lab1", "Lab1", "{FD70D467-2AEF-4DB3-99BC-3E4B1515BCE6}"
EndProject
Project("{FAE04EC0-301F-11D3-BF4B-00C04F79EFBC}") = "Lab1_03.1", "..\Lab1\Lab1_03.1\Lab1_03.1.csproj", "{75783837-2A81-4729-8D2E-C4AC46B31EF5}"
EndProject
Project("{FAE04EC0-301F-11D3-BF4B-00C04F79EFBC}") = "Lab1_03.2", "..\Lab1\Lab1_03.2\Lab1_03.2.csproj", "{05636C41-0364-4613-84CF-B0C0AF91E07C}"
EndProject
Project("{FAE04EC0-301F-11D3-BF4B-00C04F79EFBC}") = "Lab1_04", "..\Lab1\Lab1_04\Lab1_04.csproj", "{EDF320BE-0001-439A-9E25-A0F5E4A23895}"
EndProject
Project("{FAE04EC0-301F-11D3-BF4B-00C04F79EFBC}") = "Lab1_05", "..\Lab1\Lab1_05\Lab1_05.csproj", "{9D0B2B8B-BC03-486E-9DCA-F623E8673314}"
EndProject
Project("{FAE04EC0-301F-11D3-BF4B-00C04F79EFBC}") = "Lab1_06", "..\Lab1\Lab1_06\Lab1_06.csproj", "{59E1CEFD-1965-40D5-A09D-D2A6CAD3A9E0}"
EndProject
Project("{FAE04EC0-301F-11D3-BF4B-00C04F79EFBC}") = "Lab1_07", "..\Lab1\Lab1\Lab1_07\Lab1_07.csproj", "{CA5B602A-E926-4C0A-9BCE-CEB5872E8E76}"
EndProject
Project("{FAE04EC0-301F-11D3-BF4B-00C04F79EFBC}") = "Lab1_DIYS1", "..\Lab1\Lab1\Lab1_DIYS1\Lab1_DIYS1.csproj", "{79053E7C-E599-4F6E-B6D8-BCCFB532D478}"
EndProject
Project("{FAE04EC0-301F-11D3-BF4B-00C04F79EFBC}") = "Lab1_DIYS2", "..\Lab1\Lab1\Lab1_DIYS2\Lab1_DIYS2.csproj", "{D899A081-AF97-4406-A60C-B3CA3F165C24}"
EndProject
Project("{FAE04EC0-301F-11D3-BF4B-00C04F79EFBC}") = "Lab1_DIYS3", "Lab1_DIYS3\Lab1_DIYS3.csproj", "{3DF3672F-BB13-4478-B333-E1DCD272681F}"
EndProject
Project("{FAE04EC0-301F-11D3-BF4B-00C04F79EFBC}") = "Lab1_DIYS4", "Lab1_DIYS4\Lab1_DIYS4.csproj", "{1075406A-B9B4-485F-AABF-DEB2FBCFDFF1}"
EndProject
Global
	GlobalSection(SolutionConfigurationPlatforms) = preSolution
		Debug|Any CPU = Debug|Any CPU
		Release|Any CPU = Release|Any CPU
	EndGlobalSection
	GlobalSection(ProjectConfigurationPlatforms) = postSolution
		{5BF9F0F0-489C-4814-A907-1D32C9122069}.Debug|Any CPU.ActiveCfg = Debug|Any CPU
		{5BF9F0F0-489C-4814-A907-1D32C9122069}.Debug|Any CPU.Build.0 = Debug|Any CPU
		{5BF9F0F0-489C-4814-A907-1D32C9122069}.Release|Any CPU.ActiveCfg = Release|Any CPU
		{5BF9F0F0-489C-4814-A907-1D32C9122069}.Release|Any CPU.Build.0 = Release|Any CPU
		{E850B2D4-EDD9-4984-9D18-3B5AA2CAC6F9}.Debug|Any CPU.ActiveCfg = Debug|Any CPU
		{E850B2D4-EDD9-4984-9D18-3B5AA2CAC6F9}.Debug|Any CPU.Build.0 = Debug|Any CPU
		{E850B2D4-EDD9-4984-9D18-3B5AA2CAC6F9}.Release|Any CPU.ActiveCfg = Release|Any CPU
		{E850B2D4-EDD9-4984-9D18-3B5AA2CAC6F9}.Release|Any CPU.Build.0 = Release|Any CPU
		{75783837-2A81-4729-8D2E-C4AC46B31EF5}.Debug|Any CPU.ActiveCfg = Debug|Any CPU
		{75783837-2A81-4729-8D2E-C4AC46B31EF5}.Debug|Any CPU.Build.0 = Debug|Any CPU
		{75783837-2A81-4729-8D2E-C4AC46B31EF5}.Release|Any CPU.ActiveCfg = Release|Any CPU
		{75783837-2A81-4729-8D2E-C4AC46B31EF5}.Release|Any CPU.Build.0 = Release|Any CPU
		{05636C41-0364-4613-84CF-B0C0AF91E07C}.Debug|Any CPU.ActiveCfg = Debug|Any CPU
		{05636C41-0364-4613-84CF-B0C0AF91E07C}.Debug|Any CPU.Build.0 = Debug|Any CPU
		{05636C41-0364-4613-84CF-B0C0AF91E07C}.Release|Any CPU.ActiveCfg = Release|Any CPU
		{05636C41-0364-4613-84CF-B0C0AF91E07C}.Release|Any CPU.Build.0 = Release|Any CPU
		{EDF320BE-0001-439A-9E25-A0F5E4A23895}.Debug|Any CPU.ActiveCfg = Debug|Any CPU
		{EDF320BE-0001-439A-9E25-A0F5E4A23895}.Debug|Any CPU.Build.0 = Debug|Any CPU
		{EDF320BE-0001-439A-9E25-A0F5E4A23895}.Release|Any CPU.ActiveCfg = Release|Any CPU
		{EDF320BE-0001-439A-9E25-A0F5E4A23895}.Release|Any CPU.Build.0 = Release|Any CPU
		{9D0B2B8B-BC03-486E-9DCA-F623E8673314}.Debug|Any CPU.ActiveCfg = Debug|Any CPU
		{9D0B2B8B-BC03-486E-9DCA-F623E8673314}.Debug|Any CPU.Build.0 = Debug|Any CPU
		{9D0B2B8B-BC03-486E-9DCA-F623E8673314}.Release|Any CPU.ActiveCfg = Release|Any CPU
		{9D0B2B8B-BC03-486E-9DCA-F623E8673314}.Release|Any CPU.Build.0 = Release|Any CPU
		{59E1CEFD-1965-40D5-A09D-D2A6CAD3A9E0}.Debug|Any CPU.ActiveCfg = Debug|Any CPU
		{59E1CEFD-1965-40D5-A09D-D2A6CAD3A9E0}.Debug|Any CPU.Build.0 = Debug|Any CPU
		{59E1CEFD-1965-40D5-A09D-D2A6CAD3A9E0}.Release|Any CPU.ActiveCfg = Release|Any CPU
		{59E1CEFD-1965-40D5-A09D-D2A6CAD3A9E0}.Release|Any CPU.Build.0 = Release|Any CPU
		{CA5B602A-E926-4C0A-9BCE-CEB5872E8E76}.Debug|Any CPU.ActiveCfg = Debug|Any CPU
		{CA5B602A-E926-4C0A-9BCE-CEB5872E8E76}.Debug|Any CPU.Build.0 = Debug|Any CPU
		{CA5B602A-E926-4C0A-9BCE-CEB5872E8E76}.Release|Any CPU.ActiveCfg = Release|Any CPU
		{CA5B602A-E926-4C0A-9BCE-CEB5872E8E76}.Release|Any CPU.Build.0 = Release|Any CPU
		{79053E7C-E599-4F6E-B6D8-BCCFB532D478}.Debug|Any CPU.ActiveCfg = Debug|Any CPU
		{79053E7C-E599-4F6E-B6D8-BCCFB532D478}.Debug|Any CPU.Build.0 = Debug|Any CPU
		{79053E7C-E599-4F6E-B6D8-BCCFB532D478}.Release|Any CPU.ActiveCfg = Release|Any CPU
		{79053E7C-E599-4F6E-B6D8-BCCFB532D478}.Release|Any CPU.Build.0 = Release|Any CPU
		{D899A081-AF97-4406-A60C-B3CA3F165C24}.Debug|Any CPU.ActiveCfg = Debug|Any CPU
		{D899A081-AF97-4406-A60C-B3CA3F165C24}.Debug|Any CPU.Build.0 = Debug|Any CPU
		{D899A081-AF97-4406-A60C-B3CA3F165C24}.Release|Any CPU.ActiveCfg = Release|Any CPU
		{D899A081-AF97-4406-A60C-B3CA3F165C24}.Release|Any CPU.Build.0 = Release|Any CPU
		{3DF3672F-BB13-4478-B333-E1DCD272681F}.Debug|Any CPU.ActiveCfg = Debug|Any CPU
		{3DF3672F-BB13-4478-B333-E1DCD272681F}.Debug|Any CPU.Build.0 = Debug|Any CPU
		{3DF3672F-BB13-4478-B333-E1DCD272681F}.Release|Any CPU.ActiveCfg = Release|Any CPU
		{3DF3672F-BB13-4478-B333-E1DCD272681F}.Release|Any CPU.Build.0 = Release|Any CPU
		{1075406A-B9B4-485F-AABF-DEB2FBCFDFF1}.Debug|Any CPU.ActiveCfg = Debug|Any CPU
		{1075406A-B9B4-485F-AABF-DEB2FBCFDFF1}.Debug|Any CPU.Build.0 = Debug|Any CPU
		{1075406A-B9B4-485F-AABF-DEB2FBCFDFF1}.Release|Any CPU.ActiveCfg = Release|Any CPU
		{1075406A-B9B4-485F-AABF-DEB2FBCFDFF1}.Release|Any CPU.Build.0 = Release|Any CPU
	EndGlobalSection
	GlobalSection(NestedProjects) = preSolution
		{E850B2D4-EDD9-4984-9D18-3B5AA2CAC6F9} = {FD70D467-2AEF-4DB3-99BC-3E4B1515BCE6}
		{75783837-2A81-4729-8D2E-C4AC46B31EF5} = {FD70D467-2AEF-4DB3-99BC-3E4B1515BCE6}
		{05636C41-0364-4613-84CF-B0C0AF91E07C} = {FD70D467-2AEF-4DB3-99BC-3E4B1515BCE6}
		{EDF320BE-0001-439A-9E25-A0F5E4A23895} = {FD70D467-2AEF-4DB3-99BC-3E4B1515BCE6}
		{9D0B2B8B-BC03-486E-9DCA-F623E8673314} = {FD70D467-2AEF-4DB3-99BC-3E4B1515BCE6}
		{59E1CEFD-1965-40D5-A09D-D2A6CAD3A9E0} = {FD70D467-2AEF-4DB3-99BC-3E4B1515BCE6}
		{CA5B602A-E926-4C0A-9BCE-CEB5872E8E76} = {FD70D467-2AEF-4DB3-99BC-3E4B1515BCE6}
		{79053E7C-E599-4F6E-B6D8-BCCFB532D478} = {FD70D467-2AEF-4DB3-99BC-3E4B1515BCE6}
		{D899A081-AF97-4406-A60C-B3CA3F165C24} = {FD70D467-2AEF-4DB3-99BC-3E4B1515BCE6}
		{3DF3672F-BB13-4478-B333-E1DCD272681F} = {FD70D467-2AEF-4DB3-99BC-3E4B1515BCE6}
		{1075406A-B9B4-485F-AABF-DEB2FBCFDFF1} = {FD70D467-2AEF-4DB3-99BC-3E4B1515BCE6}
	EndGlobalSection
EndGlobal
