
Microsoft Visual Studio Solution File, Format Version 12.00
Project("{FAE04EC0-301F-11D3-BF4B-00C04F79EFBC}") = "HelloCSharp", "HelloCSharp\HelloCSharp.csproj", "{5BF9F0F0-489C-4814-A907-1D32C9122069}"
EndProject
Project("{2150E333-8FDC-42A3-9474-1A3956D46DE8}") = "Lab2", "Lab2", "{C91F3AFF-5977-45EA-85D0-AAD9DFEB2B76}"
EndProject
Project("{FAE04EC0-301F-11D3-BF4B-00C04F79EFBC}") = "Lab2_01", "Lab2_01\Lab2_01.csproj", "{1E5C5595-F405-4C0D-BCFD-AE19072DCD7D}"
EndProject
Project("{FAE04EC0-301F-11D3-BF4B-00C04F79EFBC}") = "Lab2_02", "Lab2_02\Lab2_02.csproj", "{D2BC6133-0716-4CFB-8A36-65FA022188FB}"
EndProject
Project("{FAE04EC0-301F-11D3-BF4B-00C04F79EFBC}") = "Lab2_03", "Lab2_03\Lab2_03.csproj", "{9F8C72E3-47BC-40C3-86AC-305B07F780C0}"
EndProject
Project("{FAE04EC0-301F-11D3-BF4B-00C04F79EFBC}") = "Lab2_DIYS", "Lab2_DIYS\Lab2_DIYS.csproj", "{825030D9-12F9-4D61-B0DD-C50B4EC3C6BD}"
EndProject
Global
	GlobalSection(SolutionConfigurationPlatforms) = preSolution
		Debug|Any CPU = Debug|Any CPU
		Release|Any CPU = Release|Any CPU
	EndGlobalSection
	GlobalSection(ProjectConfigurationPlatforms) = postSolution
		{5BF9F0F0-489C-4814-A907-1D32C9122069}.Debug|Any CPU.ActiveCfg = Debug|Any CPU
		{5BF9F0F0-489C-4814-A907-1D32C9122069}.Debug|Any CPU.Build.0 = Debug|Any CPU
		{5BF9F0F0-489C-4814-A907-1D32C9122069}.Release|Any CPU.ActiveCfg = Release|Any CPU
		{5BF9F0F0-489C-4814-A907-1D32C9122069}.Release|Any CPU.Build.0 = Release|Any CPU
		{1E5C5595-F405-4C0D-BCFD-AE19072DCD7D}.Debug|Any CPU.ActiveCfg = Debug|Any CPU
		{1E5C5595-F405-4C0D-BCFD-AE19072DCD7D}.Debug|Any CPU.Build.0 = Debug|Any CPU
		{1E5C5595-F405-4C0D-BCFD-AE19072DCD7D}.Release|Any CPU.ActiveCfg = Release|Any CPU
		{1E5C5595-F405-4C0D-BCFD-AE19072DCD7D}.Release|Any CPU.Build.0 = Release|Any CPU
		{D2BC6133-0716-4CFB-8A36-65FA022188FB}.Debug|Any CPU.ActiveCfg = Debug|Any CPU
		{D2BC6133-0716-4CFB-8A36-65FA022188FB}.Debug|Any CPU.Build.0 = Debug|Any CPU
		{D2BC6133-0716-4CFB-8A36-65FA022188FB}.Release|Any CPU.ActiveCfg = Release|Any CPU
		{D2BC6133-0716-4CFB-8A36-65FA022188FB}.Release|Any CPU.Build.0 = Release|Any CPU
		{9F8C72E3-47BC-40C3-86AC-305B07F780C0}.Debug|Any CPU.ActiveCfg = Debug|Any CPU
		{9F8C72E3-47BC-40C3-86AC-305B07F780C0}.Debug|Any CPU.Build.0 = Debug|Any CPU
		{9F8C72E3-47BC-40C3-86AC-305B07F780C0}.Release|Any CPU.ActiveCfg = Release|Any CPU
		{9F8C72E3-47BC-40C3-86AC-305B07F780C0}.Release|Any CPU.Build.0 = Release|Any CPU
		{825030D9-12F9-4D61-B0DD-C50B4EC3C6BD}.Debug|Any CPU.ActiveCfg = Debug|Any CPU
		{825030D9-12F9-4D61-B0DD-C50B4EC3C6BD}.Debug|Any CPU.Build.0 = Debug|Any CPU
		{825030D9-12F9-4D61-B0DD-C50B4EC3C6BD}.Release|Any CPU.ActiveCfg = Release|Any CPU
		{825030D9-12F9-4D61-B0DD-C50B4EC3C6BD}.Release|Any CPU.Build.0 = Release|Any CPU
	EndGlobalSection
	GlobalSection(NestedProjects) = preSolution
		{1E5C5595-F405-4C0D-BCFD-AE19072DCD7D} = {C91F3AFF-5977-45EA-85D0-AAD9DFEB2B76}
		{D2BC6133-0716-4CFB-8A36-65FA022188FB} = {C91F3AFF-5977-45EA-85D0-AAD9DFEB2B76}
		{9F8C72E3-47BC-40C3-86AC-305B07F780C0} = {C91F3AFF-5977-45EA-85D0-AAD9DFEB2B76}
		{825030D9-12F9-4D61-B0DD-C50B4EC3C6BD} = {C91F3AFF-5977-45EA-85D0-AAD9DFEB2B76}
	EndGlobalSection
EndGlobal
