
Microsoft Visual Studio Solution File, Format Version 12.00
Project("{FAE04EC0-301F-11D3-BF4B-00C04F79EFBC}") = "HelloCSharp", "HelloCSharp\HelloCSharp.csproj", "{5BF9F0F0-489C-4814-A907-1D32C9122069}"
EndProject
Project("{2150E333-8FDC-42A3-9474-1A3956D46DE8}") = "Lab1", "Lab1", "{FD70D467-2AEF-4DB3-99BC-3E4B1515BCE6}"
EndProject
Project("{FAE04EC0-301F-11D3-BF4B-00C04F79EFBC}") = "Lab1_DIYS3", "Lab1_DIYS3\Lab1_DIYS3.csproj", "{3DF3672F-BB13-4478-B333-E1DCD272681F}"
EndProject
Project("{FAE04EC0-301F-11D3-BF4B-00C04F79EFBC}") = "Lab1_DIYS4", "Lab1_DIYS4\Lab1_DIYS4.csproj", "{1075406A-B9B4-485F-AABF-DEB2FBCFDFF1}"
EndProject
Project("{FAE04EC0-301F-11D3-BF4B-00C04F79EFBC}") = "Lab1_02", "Lab1_02\Lab1_02.csproj", "{76768B41-514F-4090-97D9-74EC86561E56}"
EndProject
Project("{FAE04EC0-301F-11D3-BF4B-00C04F79EFBC}") = "Lab1_03.1", "Lab1_03.1\Lab1_03.1.csproj", "{C374C560-6CA3-4F32-8428-275A354872E7}"
EndProject
Project("{FAE04EC0-301F-11D3-BF4B-00C04F79EFBC}") = "Lab1_03.2", "Lab1_03.2\Lab1_03.2.csproj", "{6EAA9945-23CD-4883-92B7-B5D3D0CECF66}"
EndProject
Project("{FAE04EC0-301F-11D3-BF4B-00C04F79EFBC}") = "Lab1_04", "Lab1_04\Lab1_04.csproj", "{17CF48FA-B4FF-47EB-9B2B-95AD2945ACFF}"
EndProject
Project("{FAE04EC0-301F-11D3-BF4B-00C04F79EFBC}") = "Lab1_05", "Lab1_05\Lab1_05.csproj", "{078D441A-DB9B-466B-BAC5-3665BAE00766}"
EndProject
Project("{FAE04EC0-301F-11D3-BF4B-00C04F79EFBC}") = "Lab1_06", "Lab1_06\Lab1_06.csproj", "{CD4291CA-50F5-4931-B58F-06E32A56E6BD}"
EndProject
Project("{FAE04EC0-301F-11D3-BF4B-00C04F79EFBC}") = "Lab1_07", "Lab1_07\Lab1_07.csproj", "{4A675921-2626-479E-B74C-AF54B706AFBC}"
EndProject
Project("{FAE04EC0-301F-11D3-BF4B-00C04F79EFBC}") = "Lab1_DIYS1", "Lab1_DIYS1\Lab1_DIYS1.csproj", "{9ED0B390-8E04-4B34-BF4D-38023AB77F11}"
EndProject
Project("{FAE04EC0-301F-11D3-BF4B-00C04F79EFBC}") = "Lab1_DIYS2", "Lab1_DIYS2\Lab1_DIYS2.csproj", "{9DD73599-E2E5-4D6C-B467-9778C23D0E43}"
EndProject
Project("{2150E333-8FDC-42A3-9474-1A3956D46DE8}") = "Lab2", "Lab2", "{C91F3AFF-5977-45EA-85D0-AAD9DFEB2B76}"
EndProject
Project("{FAE04EC0-301F-11D3-BF4B-00C04F79EFBC}") = "Lab2_01", "Lab2_01\Lab2_01.csproj", "{1E5C5595-F405-4C0D-BCFD-AE19072DCD7D}"
EndProject
Project("{FAE04EC0-301F-11D3-BF4B-00C04F79EFBC}") = "Lab2_02", "Lab2_02\Lab2_02.csproj", "{D2BC6133-0716-4CFB-8A36-65FA022188FB}"
EndProject
Project("{FAE04EC0-301F-11D3-BF4B-00C04F79EFBC}") = "Lab2_03", "Lab2_03\Lab2_03.csproj", "{9F8C72E3-47BC-40C3-86AC-305B07F780C0}"
EndProject
Project("{FAE04EC0-301F-11D3-BF4B-00C04F79EFBC}") = "Lab2_DIYS", "Lab2_DIYS\Lab2_DIYS.csproj", "{825030D9-12F9-4D61-B0DD-C50B4EC3C6BD}"
EndProject
Project("{2150E333-8FDC-42A3-9474-1A3956D46DE8}") = "Lab3", "Lab3", "{1E3336E0-0360-4231-B3DB-FFBE51A251C0}"
EndProject
Project("{FAE04EC0-301F-11D3-BF4B-00C04F79EFBC}") = "Lab3_01", "Lab3_01\Lab3_01.csproj", "{43E601A8-E504-4213-B03D-A84F378F36DE}"
EndProject
Project("{FAE04EC0-301F-11D3-BF4B-00C04F79EFBC}") = "Lab3_02", "Lab3_02\Lab3_02.csproj", "{C770C914-886A-4306-9F1B-FDBB97358C24}"
EndProject
Project("{FAE04EC0-301F-11D3-BF4B-00C04F79EFBC}") = "Lab3_DIYS1", "Lab3_DIYS1\Lab3_DIYS1.csproj", "{FB05309A-7B0D-4E60-86C9-0081EC5F9587}"
EndProject
Project("{FAE04EC0-301F-11D3-BF4B-00C04F79EFBC}") = "Lab3_DIYS2", "Lab3_DIYS2\Lab3_DIYS2.csproj", "{7E324221-AB53-4BF9-809B-3EA576FAD7FF}"
EndProject
Global
	GlobalSection(SolutionConfigurationPlatforms) = preSolution
		Debug|Any CPU = Debug|Any CPU
		Release|Any CPU = Release|Any CPU
	EndGlobalSection
	GlobalSection(ProjectConfigurationPlatforms) = postSolution
		{5BF9F0F0-489C-4814-A907-1D32C9122069}.Debug|Any CPU.ActiveCfg = Debug|Any CPU
		{5BF9F0F0-489C-4814-A907-1D32C9122069}.Debug|Any CPU.Build.0 = Debug|Any CPU
		{5BF9F0F0-489C-4814-A907-1D32C9122069}.Release|Any CPU.ActiveCfg = Release|Any CPU
		{5BF9F0F0-489C-4814-A907-1D32C9122069}.Release|Any CPU.Build.0 = Release|Any CPU
		{3DF3672F-BB13-4478-B333-E1DCD272681F}.Debug|Any CPU.ActiveCfg = Debug|Any CPU
		{3DF3672F-BB13-4478-B333-E1DCD272681F}.Debug|Any CPU.Build.0 = Debug|Any CPU
		{3DF3672F-BB13-4478-B333-E1DCD272681F}.Release|Any CPU.ActiveCfg = Release|Any CPU
		{3DF3672F-BB13-4478-B333-E1DCD272681F}.Release|Any CPU.Build.0 = Release|Any CPU
		{1075406A-B9B4-485F-AABF-DEB2FBCFDFF1}.Debug|Any CPU.ActiveCfg = Debug|Any CPU
		{1075406A-B9B4-485F-AABF-DEB2FBCFDFF1}.Debug|Any CPU.Build.0 = Debug|Any CPU
		{1075406A-B9B4-485F-AABF-DEB2FBCFDFF1}.Release|Any CPU.ActiveCfg = Release|Any CPU
		{1075406A-B9B4-485F-AABF-DEB2FBCFDFF1}.Release|Any CPU.Build.0 = Release|Any CPU
		{76768B41-514F-4090-97D9-74EC86561E56}.Debug|Any CPU.ActiveCfg = Debug|Any CPU
		{76768B41-514F-4090-97D9-74EC86561E56}.Debug|Any CPU.Build.0 = Debug|Any CPU
		{76768B41-514F-4090-97D9-74EC86561E56}.Release|Any CPU.ActiveCfg = Release|Any CPU
		{76768B41-514F-4090-97D9-74EC86561E56}.Release|Any CPU.Build.0 = Release|Any CPU
		{C374C560-6CA3-4F32-8428-275A354872E7}.Debug|Any CPU.ActiveCfg = Debug|Any CPU
		{C374C560-6CA3-4F32-8428-275A354872E7}.Debug|Any CPU.Build.0 = Debug|Any CPU
		{C374C560-6CA3-4F32-8428-275A354872E7}.Release|Any CPU.ActiveCfg = Release|Any CPU
		{C374C560-6CA3-4F32-8428-275A354872E7}.Release|Any CPU.Build.0 = Release|Any CPU
		{6EAA9945-23CD-4883-92B7-B5D3D0CECF66}.Debug|Any CPU.ActiveCfg = Debug|Any CPU
		{6EAA9945-23CD-4883-92B7-B5D3D0CECF66}.Debug|Any CPU.Build.0 = Debug|Any CPU
		{6EAA9945-23CD-4883-92B7-B5D3D0CECF66}.Release|Any CPU.ActiveCfg = Release|Any CPU
		{6EAA9945-23CD-4883-92B7-B5D3D0CECF66}.Release|Any CPU.Build.0 = Release|Any CPU
		{17CF48FA-B4FF-47EB-9B2B-95AD2945ACFF}.Debug|Any CPU.ActiveCfg = Debug|Any CPU
		{17CF48FA-B4FF-47EB-9B2B-95AD2945ACFF}.Debug|Any CPU.Build.0 = Debug|Any CPU
		{17CF48FA-B4FF-47EB-9B2B-95AD2945ACFF}.Release|Any CPU.ActiveCfg = Release|Any CPU
		{17CF48FA-B4FF-47EB-9B2B-95AD2945ACFF}.Release|Any CPU.Build.0 = Release|Any CPU
		{078D441A-DB9B-466B-BAC5-3665BAE00766}.Debug|Any CPU.ActiveCfg = Debug|Any CPU
		{078D441A-DB9B-466B-BAC5-3665BAE00766}.Debug|Any CPU.Build.0 = Debug|Any CPU
		{078D441A-DB9B-466B-BAC5-3665BAE00766}.Release|Any CPU.ActiveCfg = Release|Any CPU
		{078D441A-DB9B-466B-BAC5-3665BAE00766}.Release|Any CPU.Build.0 = Release|Any CPU
		{CD4291CA-50F5-4931-B58F-06E32A56E6BD}.Debug|Any CPU.ActiveCfg = Debug|Any CPU
		{CD4291CA-50F5-4931-B58F-06E32A56E6BD}.Debug|Any CPU.Build.0 = Debug|Any CPU
		{CD4291CA-50F5-4931-B58F-06E32A56E6BD}.Release|Any CPU.ActiveCfg = Release|Any CPU
		{CD4291CA-50F5-4931-B58F-06E32A56E6BD}.Release|Any CPU.Build.0 = Release|Any CPU
		{4A675921-2626-479E-B74C-AF54B706AFBC}.Debug|Any CPU.ActiveCfg = Debug|Any CPU
		{4A675921-2626-479E-B74C-AF54B706AFBC}.Debug|Any CPU.Build.0 = Debug|Any CPU
		{4A675921-2626-479E-B74C-AF54B706AFBC}.Release|Any CPU.ActiveCfg = Release|Any CPU
		{4A675921-2626-479E-B74C-AF54B706AFBC}.Release|Any CPU.Build.0 = Release|Any CPU
		{9ED0B390-8E04-4B34-BF4D-38023AB77F11}.Debug|Any CPU.ActiveCfg = Debug|Any CPU
		{9ED0B390-8E04-4B34-BF4D-38023AB77F11}.Debug|Any CPU.Build.0 = Debug|Any CPU
		{9ED0B390-8E04-4B34-BF4D-38023AB77F11}.Release|Any CPU.ActiveCfg = Release|Any CPU
		{9ED0B390-8E04-4B34-BF4D-38023AB77F11}.Release|Any CPU.Build.0 = Release|Any CPU
		{9DD73599-E2E5-4D6C-B467-9778C23D0E43}.Debug|Any CPU.ActiveCfg = Debug|Any CPU
		{9DD73599-E2E5-4D6C-B467-9778C23D0E43}.Debug|Any CPU.Build.0 = Debug|Any CPU
		{9DD73599-E2E5-4D6C-B467-9778C23D0E43}.Release|Any CPU.ActiveCfg = Release|Any CPU
		{9DD73599-E2E5-4D6C-B467-9778C23D0E43}.Release|Any CPU.Build.0 = Release|Any CPU
		{1E5C5595-F405-4C0D-BCFD-AE19072DCD7D}.Debug|Any CPU.ActiveCfg = Debug|Any CPU
		{1E5C5595-F405-4C0D-BCFD-AE19072DCD7D}.Debug|Any CPU.Build.0 = Debug|Any CPU
		{1E5C5595-F405-4C0D-BCFD-AE19072DCD7D}.Release|Any CPU.ActiveCfg = Release|Any CPU
		{1E5C5595-F405-4C0D-BCFD-AE19072DCD7D}.Release|Any CPU.Build.0 = Release|Any CPU
		{D2BC6133-0716-4CFB-8A36-65FA022188FB}.Debug|Any CPU.ActiveCfg = Debug|Any CPU
		{D2BC6133-0716-4CFB-8A36-65FA022188FB}.Debug|Any CPU.Build.0 = Debug|Any CPU
		{D2BC6133-0716-4CFB-8A36-65FA022188FB}.Release|Any CPU.ActiveCfg = Release|Any CPU
		{D2BC6133-0716-4CFB-8A36-65FA022188FB}.Release|Any CPU.Build.0 = Release|Any CPU
		{9F8C72E3-47BC-40C3-86AC-305B07F780C0}.Debug|Any CPU.ActiveCfg = Debug|Any CPU
		{9F8C72E3-47BC-40C3-86AC-305B07F780C0}.Debug|Any CPU.Build.0 = Debug|Any CPU
		{9F8C72E3-47BC-40C3-86AC-305B07F780C0}.Release|Any CPU.ActiveCfg = Release|Any CPU
		{9F8C72E3-47BC-40C3-86AC-305B07F780C0}.Release|Any CPU.Build.0 = Release|Any CPU
		{825030D9-12F9-4D61-B0DD-C50B4EC3C6BD}.Debug|Any CPU.ActiveCfg = Debug|Any CPU
		{825030D9-12F9-4D61-B0DD-C50B4EC3C6BD}.Debug|Any CPU.Build.0 = Debug|Any CPU
		{825030D9-12F9-4D61-B0DD-C50B4EC3C6BD}.Release|Any CPU.ActiveCfg = Release|Any CPU
		{825030D9-12F9-4D61-B0DD-C50B4EC3C6BD}.Release|Any CPU.Build.0 = Release|Any CPU
		{43E601A8-E504-4213-B03D-A84F378F36DE}.Debug|Any CPU.ActiveCfg = Debug|Any CPU
		{43E601A8-E504-4213-B03D-A84F378F36DE}.Debug|Any CPU.Build.0 = Debug|Any CPU
		{43E601A8-E504-4213-B03D-A84F378F36DE}.Release|Any CPU.ActiveCfg = Release|Any CPU
		{43E601A8-E504-4213-B03D-A84F378F36DE}.Release|Any CPU.Build.0 = Release|Any CPU
		{C770C914-886A-4306-9F1B-FDBB97358C24}.Debug|Any CPU.ActiveCfg = Debug|Any CPU
		{C770C914-886A-4306-9F1B-FDBB97358C24}.Debug|Any CPU.Build.0 = Debug|Any CPU
		{C770C914-886A-4306-9F1B-FDBB97358C24}.Release|Any CPU.ActiveCfg = Release|Any CPU
		{C770C914-886A-4306-9F1B-FDBB97358C24}.Release|Any CPU.Build.0 = Release|Any CPU
		{FB05309A-7B0D-4E60-86C9-0081EC5F9587}.Debug|Any CPU.ActiveCfg = Debug|Any CPU
		{FB05309A-7B0D-4E60-86C9-0081EC5F9587}.Debug|Any CPU.Build.0 = Debug|Any CPU
		{FB05309A-7B0D-4E60-86C9-0081EC5F9587}.Release|Any CPU.ActiveCfg = Release|Any CPU
		{FB05309A-7B0D-4E60-86C9-0081EC5F9587}.Release|Any CPU.Build.0 = Release|Any CPU
		{7E324221-AB53-4BF9-809B-3EA576FAD7FF}.Debug|Any CPU.ActiveCfg = Debug|Any CPU
		{7E324221-AB53-4BF9-809B-3EA576FAD7FF}.Debug|Any CPU.Build.0 = Debug|Any CPU
		{7E324221-AB53-4BF9-809B-3EA576FAD7FF}.Release|Any CPU.ActiveCfg = Release|Any CPU
		{7E324221-AB53-4BF9-809B-3EA576FAD7FF}.Release|Any CPU.Build.0 = Release|Any CPU
	EndGlobalSection
	GlobalSection(NestedProjects) = preSolution
		{3DF3672F-BB13-4478-B333-E1DCD272681F} = {FD70D467-2AEF-4DB3-99BC-3E4B1515BCE6}
		{1075406A-B9B4-485F-AABF-DEB2FBCFDFF1} = {FD70D467-2AEF-4DB3-99BC-3E4B1515BCE6}
		{76768B41-514F-4090-97D9-74EC86561E56} = {FD70D467-2AEF-4DB3-99BC-3E4B1515BCE6}
		{C374C560-6CA3-4F32-8428-275A354872E7} = {FD70D467-2AEF-4DB3-99BC-3E4B1515BCE6}
		{6EAA9945-23CD-4883-92B7-B5D3D0CECF66} = {FD70D467-2AEF-4DB3-99BC-3E4B1515BCE6}
		{17CF48FA-B4FF-47EB-9B2B-95AD2945ACFF} = {FD70D467-2AEF-4DB3-99BC-3E4B1515BCE6}
		{078D441A-DB9B-466B-BAC5-3665BAE00766} = {FD70D467-2AEF-4DB3-99BC-3E4B1515BCE6}
		{CD4291CA-50F5-4931-B58F-06E32A56E6BD} = {FD70D467-2AEF-4DB3-99BC-3E4B1515BCE6}
		{4A675921-2626-479E-B74C-AF54B706AFBC} = {FD70D467-2AEF-4DB3-99BC-3E4B1515BCE6}
		{9ED0B390-8E04-4B34-BF4D-38023AB77F11} = {FD70D467-2AEF-4DB3-99BC-3E4B1515BCE6}
		{9DD73599-E2E5-4D6C-B467-9778C23D0E43} = {FD70D467-2AEF-4DB3-99BC-3E4B1515BCE6}
		{1E5C5595-F405-4C0D-BCFD-AE19072DCD7D} = {C91F3AFF-5977-45EA-85D0-AAD9DFEB2B76}
		{D2BC6133-0716-4CFB-8A36-65FA022188FB} = {C91F3AFF-5977-45EA-85D0-AAD9DFEB2B76}
		{9F8C72E3-47BC-40C3-86AC-305B07F780C0} = {C91F3AFF-5977-45EA-85D0-AAD9DFEB2B76}
		{825030D9-12F9-4D61-B0DD-C50B4EC3C6BD} = {C91F3AFF-5977-45EA-85D0-AAD9DFEB2B76}
		{43E601A8-E504-4213-B03D-A84F378F36DE} = {1E3336E0-0360-4231-B3DB-FFBE51A251C0}
		{C770C914-886A-4306-9F1B-FDBB97358C24} = {1E3336E0-0360-4231-B3DB-FFBE51A251C0}
		{FB05309A-7B0D-4E60-86C9-0081EC5F9587} = {1E3336E0-0360-4231-B3DB-FFBE51A251C0}
		{7E324221-AB53-4BF9-809B-3EA576FAD7FF} = {1E3336E0-0360-4231-B3DB-FFBE51A251C0}
	EndGlobalSection
EndGlobal
